# This file is generated by running "yarn install" inside your project.
# Manual changes might be lost - proceed with caution!

__metadata:
  version: 6
  cacheKey: 8

"env-paths@npm:3.0.0":
  version: 3.0.0
  resolution: "env-paths@npm:3.0.0"
  checksum: b2b0a0d0d9931a13d279c22ed94d78648a1cc5f408f05d47ff3e0c1616f0aa0c38fb33deec5e5be50497225d500607d57f9c8652c4d39c2f2b7608cd45768128
  languageName: node
  linkType: hard

"git-brancheetos@workspace:.":
  version: 0.0.0-use.local
  resolution: "git-brancheetos@workspace:."
  dependencies:
    env-paths: 3.0.0
    git-remote-origin-url: 4.0.0
    lodash: 4.17.21
    prettier: 2.8.8
  bin:
    git-brancheetos: index.js
  languageName: unknown
  linkType: soft

"git-remote-origin-url@npm:4.0.0":
  version: 4.0.0
  resolution: "git-remote-origin-url@npm:4.0.0"
  dependencies:
    gitconfiglocal: ^2.1.0
  checksum: b667babf07c24e1e74d2cbb4f1cd996f8ccb0140e9958fa43eb65f2882117f902cf398e02744e5804ab2e8d72919133823b03ca18b3fae8b9c3932e6ec7526ba
  languageName: node
  linkType: hard

"gitconfiglocal@npm:^2.1.0":
  version: 2.1.0
  resolution: "gitconfiglocal@npm:2.1.0"
  dependencies:
    ini: ^1.3.2
  checksum: 4b4b44d992a6abf2900eec8cfe960dc36e0d3c2467d20ec69e0a0f13b6b7645b926daa004df42f94c34ad28a58529cf2522fa0bf261e4e7b95958fb451dcedda
  languageName: node
  linkType: hard

"ini@npm:^1.3.2":
  version: 1.3.8
  resolution: "ini@npm:1.3.8"
  checksum: dfd98b0ca3a4fc1e323e38a6c8eb8936e31a97a918d3b377649ea15bdb15d481207a0dda1021efbd86b464cae29a0d33c1d7dcaf6c5672bee17fa849bc50a1b3
  languageName: node
  linkType: hard

"lodash@npm:4.17.21":
  version: 4.17.21
  resolution: "lodash@npm:4.17.21"
  checksum: eb835a2e51d381e561e508ce932ea50a8e5a68f4ebdd771ea240d3048244a8d13658acbd502cd4829768c56f2e16bdd4340b9ea141297d472517b83868e677f7
  languageName: node
  linkType: hard

"prettier@npm:2.8.8":
  version: 2.8.8
  resolution: "prettier@npm:2.8.8"
  bin:
    prettier: bin-prettier.js
  checksum: b49e409431bf129dd89238d64299ba80717b57ff5a6d1c1a8b1a28b590d998a34e083fa13573bc732bb8d2305becb4c9a4407f8486c81fa7d55100eb08263cf8
  languageName: node
  linkType: hard
