# This file is generated by running "yarn install" inside your project.
# Manual changes might be lost - proceed with caution!

__metadata:
  version: 6
  cacheKey: 8

"@inquirer/core@npm:^3.0.0":
  version: 3.0.0
  resolution: "@inquirer/core@npm:3.0.0"
  dependencies:
    "@inquirer/type": ^1.1.1
    "@types/mute-stream": ^0.0.1
    "@types/node": ^20.4.2
    "@types/wrap-ansi": ^3.0.0
    ansi-escapes: ^4.3.2
    chalk: ^4.1.2
    cli-spinners: ^2.8.0
    cli-width: ^4.0.0
    figures: ^3.2.0
    mute-stream: ^1.0.0
    run-async: ^3.0.0
    string-width: ^4.2.3
    strip-ansi: ^6.0.1
    wrap-ansi: ^6.0.1
  checksum: d8a47c43c7ae1678cb669b66440ada287563fa6a5c47e4a2f686db3fa4d7e14a277432b137acdc4c49ecd4dc57f0c03352bf7973e3c2ae8e49f02498665372a8
  languageName: node
  linkType: hard

"@inquirer/input@npm:1.2.5":
  version: 1.2.5
  resolution: "@inquirer/input@npm:1.2.5"
  dependencies:
    "@inquirer/core": ^3.0.0
    "@inquirer/type": ^1.1.1
    chalk: ^4.1.2
  checksum: a39b7e4ea9140efd1ff41ff2661fbb9b1bbc4dc08e4e645d028eb50925ebc0c9d3d5e31f969ffef4139e5b170e2e6ff536624ec2bbe22aae9bc7e8712f182087
  languageName: node
  linkType: hard

"@inquirer/select@npm:1.2.5":
  version: 1.2.5
  resolution: "@inquirer/select@npm:1.2.5"
  dependencies:
    "@inquirer/core": ^3.0.0
    "@inquirer/type": ^1.1.1
    ansi-escapes: ^4.3.2
    chalk: ^4.1.2
    figures: ^3.2.0
  checksum: 752b97cc3189e2d119c0a431f2c61ac25029f5edcdf5495da42edabec698c53b08275df6649dbf8678368ffef61e5fe1f9ad8e0e9b3c0f925a48c1eeb549ddd9
  languageName: node
  linkType: hard

"@inquirer/type@npm:^1.1.1":
  version: 1.1.1
  resolution: "@inquirer/type@npm:1.1.1"
  checksum: 1fcce0bd6c92611ed67ee9252deebba0fa9a54aeb4e37fc349ec736c8e1ffaa58f3a02dbe84489ff9a90bebc6b1080a19169ef30c16a18128cf8f42d06a49f51
  languageName: node
  linkType: hard

"@octokit/auth-token@npm:^4.0.0":
  version: 4.0.0
  resolution: "@octokit/auth-token@npm:4.0.0"
  checksum: d78f4dc48b214d374aeb39caec4fdbf5c1e4fd8b9fcb18f630b1fe2cbd5a880fca05445f32b4561f41262cb551746aeb0b49e89c95c6dd99299706684d0cae2f
  languageName: node
  linkType: hard

"@octokit/core@npm:^5.0.0":
  version: 5.0.0
  resolution: "@octokit/core@npm:5.0.0"
  dependencies:
    "@octokit/auth-token": ^4.0.0
    "@octokit/graphql": ^7.0.0
    "@octokit/request": ^8.0.2
    "@octokit/request-error": ^5.0.0
    "@octokit/types": ^11.0.0
    before-after-hook: ^2.2.0
    universal-user-agent: ^6.0.0
  checksum: 1a5d1112a2403d146aa1db7aaf81a31192ef6b0310a1e6f68c3e439fded22bd4b3a930f5071585e6ca0f2f5e7fc4a1aac68910525b71b03732c140e362d26a33
  languageName: node
  linkType: hard

"@octokit/endpoint@npm:^9.0.0":
  version: 9.0.0
  resolution: "@octokit/endpoint@npm:9.0.0"
  dependencies:
    "@octokit/types": ^11.0.0
    is-plain-object: ^5.0.0
    universal-user-agent: ^6.0.0
  checksum: 0e402c4d0fbe5b8053630cedb30dde5074bb6410828a05dc93d7e0fdd6c17f9a44b66586ef1a4e4ee0baa8d34ef7d6f535e2f04d9ea42909b7fc7ff55ce56a48
  languageName: node
  linkType: hard

"@octokit/graphql@npm:^7.0.0":
  version: 7.0.1
  resolution: "@octokit/graphql@npm:7.0.1"
  dependencies:
    "@octokit/request": ^8.0.1
    "@octokit/types": ^11.0.0
    universal-user-agent: ^6.0.0
  checksum: 7ee907987b1b8312c6f870c44455cbd3eed805bb1a4095038f4e7e62ee2e006bd766f2a71dfbe56b870cd8f7558309c602f00d3e252fe59578f4acf6249a4f17
  languageName: node
  linkType: hard

"@octokit/openapi-types@npm:^18.0.0":
  version: 18.0.0
  resolution: "@octokit/openapi-types@npm:18.0.0"
  checksum: d487d6c6c1965e583eee417d567e4fe3357a98953fc49bce1a88487e7908e9b5dbb3e98f60dfa340e23b1792725fbc006295aea071c5667a813b9c098185b56f
  languageName: node
  linkType: hard

"@octokit/plugin-paginate-rest@npm:^8.0.0":
  version: 8.0.0
  resolution: "@octokit/plugin-paginate-rest@npm:8.0.0"
  dependencies:
    "@octokit/types": ^11.0.0
  peerDependencies:
    "@octokit/core": ">=5"
  checksum: b5d7cee50523862c6ce7be057f7200e14ee4dcded462f27304c822c960a37efa23ed51080ea879f5d1e56e78f74baa17d2ce32eed5d726794abc35755777e32c
  languageName: node
  linkType: hard

"@octokit/plugin-request-log@npm:^4.0.0":
  version: 4.0.0
  resolution: "@octokit/plugin-request-log@npm:4.0.0"
  peerDependencies:
    "@octokit/core": ">=5"
  checksum: 2a8a6619640942092009a9248ceeb163ce01c978e2d7b2a7eb8686bd09a04b783c4cd9071eebb16652d233587abcde449a02ce4feabc652f0a171615fb3e9946
  languageName: node
  linkType: hard

"@octokit/plugin-rest-endpoint-methods@npm:^9.0.0":
  version: 9.0.0
  resolution: "@octokit/plugin-rest-endpoint-methods@npm:9.0.0"
  dependencies:
    "@octokit/types": ^11.0.0
  peerDependencies:
    "@octokit/core": ">=5"
  checksum: 8795cb29be042c839098886a03c2ec6051e3fd7a29f16f4f8a487aa2d85ceb00df8a4432499a43af550369bd730ce9b1b9d7eeff768745b80a3e67698ca9a5dd
  languageName: node
  linkType: hard

"@octokit/request-error@npm:^5.0.0":
  version: 5.0.0
  resolution: "@octokit/request-error@npm:5.0.0"
  dependencies:
    "@octokit/types": ^11.0.0
    deprecation: ^2.0.0
    once: ^1.4.0
  checksum: 2012eca66f6b8fa4038b3bfe81d65a7134ec58e2caf45d229aca13b9653ab260abd95229bd1a8c11180ee0bcf738e2556831a85de28f39b175175653c3b79fdd
  languageName: node
  linkType: hard

"@octokit/request@npm:^8.0.1, @octokit/request@npm:^8.0.2":
  version: 8.1.0
  resolution: "@octokit/request@npm:8.1.0"
  dependencies:
    "@octokit/endpoint": ^9.0.0
    "@octokit/request-error": ^5.0.0
    "@octokit/types": ^11.1.0
    is-plain-object: ^5.0.0
    universal-user-agent: ^6.0.0
  checksum: 00f71e1ca0bff84a1a903ca9f79a7837aac830cae3560d44f03272d062ef98e5a8170fdab8a47169c41db88e6894717cc71387604486d559f9eae409fab93f6f
  languageName: node
  linkType: hard

"@octokit/rest@npm:20.0.1":
  version: 20.0.1
  resolution: "@octokit/rest@npm:20.0.1"
  dependencies:
    "@octokit/core": ^5.0.0
    "@octokit/plugin-paginate-rest": ^8.0.0
    "@octokit/plugin-request-log": ^4.0.0
    "@octokit/plugin-rest-endpoint-methods": ^9.0.0
  checksum: 9fb2e154a498e00598379b09d76cc7b67b3801e9c97d753f1a76e1163924188bf4cb1411ec152a038ae91e97b86d7146ff220b05adfb6e500e2300c87e14100a
  languageName: node
  linkType: hard

"@octokit/types@npm:^11.0.0, @octokit/types@npm:^11.1.0":
  version: 11.1.0
  resolution: "@octokit/types@npm:11.1.0"
  dependencies:
    "@octokit/openapi-types": ^18.0.0
  checksum: 72627a94ddaf7bc14db06572bcde67649aad608cd86548818380db9305f4c0ca9ca078a62dd883858a267e8ec8fd596a0fce416aa04197c439b9548efef609a7
  languageName: node
  linkType: hard

"@types/mute-stream@npm:^0.0.1":
  version: 0.0.1
  resolution: "@types/mute-stream@npm:0.0.1"
  dependencies:
    "@types/node": "*"
  checksum: 01bb9f45a77b691538cba7f0c89166a5bfb112993056ae06a8218cd47d417a5f6a5cfc31f0d31293790c647d27564fe6aa39aa9cb2ef08792d42ed40f18de8d5
  languageName: node
  linkType: hard

"@types/node@npm:*, @types/node@npm:^20.4.2":
  version: 20.4.2
  resolution: "@types/node@npm:20.4.2"
  checksum: 99e544ea7560d51f01f95627fc40394c24a13da8f041121a0da13e4ef0a2aa332932eaf9a5e8d0e30d1c07106e96a183be392cbba62e8cf0bf6a085d5c0f4149
  languageName: node
  linkType: hard

"@types/wrap-ansi@npm:^3.0.0":
  version: 3.0.0
  resolution: "@types/wrap-ansi@npm:3.0.0"
  checksum: 492f0610093b5802f45ca292777679bb9b381f1f32ae939956dd9e00bf81dba7cc99979687620a2817d9a7d8b59928207698166c47a0861c6a2e5c30d4aaf1e9
  languageName: node
  linkType: hard

"ansi-escapes@npm:^4.3.2":
  version: 4.3.2
  resolution: "ansi-escapes@npm:4.3.2"
  dependencies:
    type-fest: ^0.21.3
  checksum: 93111c42189c0a6bed9cdb4d7f2829548e943827ee8479c74d6e0b22ee127b2a21d3f8b5ca57723b8ef78ce011fbfc2784350eb2bde3ccfccf2f575fa8489815
  languageName: node
  linkType: hard

"ansi-regex@npm:^5.0.1":
  version: 5.0.1
  resolution: "ansi-regex@npm:5.0.1"
  checksum: 2aa4bb54caf2d622f1afdad09441695af2a83aa3fe8b8afa581d205e57ed4261c183c4d3877cee25794443fde5876417d859c108078ab788d6af7e4fe52eb66b
  languageName: node
  linkType: hard

"ansi-styles@npm:^4.0.0, ansi-styles@npm:^4.1.0":
  version: 4.3.0
  resolution: "ansi-styles@npm:4.3.0"
  dependencies:
    color-convert: ^2.0.1
  checksum: 513b44c3b2105dd14cc42a19271e80f386466c4be574bccf60b627432f9198571ebf4ab1e4c3ba17347658f4ee1711c163d574248c0c1cdc2d5917a0ad582ec4
  languageName: node
  linkType: hard

"before-after-hook@npm:^2.2.0":
  version: 2.2.3
  resolution: "before-after-hook@npm:2.2.3"
  checksum: a1a2430976d9bdab4cd89cb50d27fa86b19e2b41812bf1315923b0cba03371ebca99449809226425dd3bcef20e010db61abdaff549278e111d6480034bebae87
  languageName: node
  linkType: hard

"chalk@npm:^4.1.2":
  version: 4.1.2
  resolution: "chalk@npm:4.1.2"
  dependencies:
    ansi-styles: ^4.1.0
    supports-color: ^7.1.0
  checksum: fe75c9d5c76a7a98d45495b91b2172fa3b7a09e0cc9370e5c8feb1c567b85c4288e2b3fded7cfdd7359ac28d6b3844feb8b82b8686842e93d23c827c417e83fc
  languageName: node
  linkType: hard

"cli-spinners@npm:^2.8.0":
  version: 2.9.0
  resolution: "cli-spinners@npm:2.9.0"
  checksum: a9c56e1f44457d4a9f4f535364e729cb8726198efa9e98990cfd9eda9e220dfa4ba12f92808d1be5e29029cdfead781db82dc8549b97b31c907d55f96aa9b0e2
  languageName: node
  linkType: hard

"cli-width@npm:^4.0.0":
  version: 4.0.0
  resolution: "cli-width@npm:4.0.0"
  checksum: 1ec12311217cc8b2d018646a58b61424d2348def598fb58ba2c32e28f0bcb59a35cef168110311cefe3340abf00e5171b351de6c3e2c084bd1642e6e2a9e144e
  languageName: node
  linkType: hard

"color-convert@npm:^2.0.1":
  version: 2.0.1
  resolution: "color-convert@npm:2.0.1"
  dependencies:
    color-name: ~1.1.4
  checksum: 79e6bdb9fd479a205c71d89574fccfb22bd9053bd98c6c4d870d65c132e5e904e6034978e55b43d69fcaa7433af2016ee203ce76eeba9cfa554b373e7f7db336
  languageName: node
  linkType: hard

"color-name@npm:~1.1.4":
  version: 1.1.4
  resolution: "color-name@npm:1.1.4"
  checksum: b0445859521eb4021cd0fb0cc1a75cecf67fceecae89b63f62b201cca8d345baf8b952c966862a9d9a2632987d4f6581f0ec8d957dfacece86f0a7919316f610
  languageName: node
  linkType: hard

"commander@npm:11.0.0":
  version: 11.0.0
  resolution: "commander@npm:11.0.0"
  checksum: 6621954e1e1d078b4991c1f5bbd9439ad37aa7768d6ab4842de1dbd4d222c8a27e1b8e62108b3a92988614af45031d5bb2a2aaa92951f4d0c934d1a1ac564bb4
  languageName: node
  linkType: hard

"deprecation@npm:^2.0.0":
  version: 2.3.1
  resolution: "deprecation@npm:2.3.1"
  checksum: f56a05e182c2c195071385455956b0c4106fe14e36245b00c689ceef8e8ab639235176a96977ba7c74afb173317fac2e0ec6ec7a1c6d1e6eaa401c586c714132
  languageName: node
  linkType: hard

"emoji-regex@npm:^8.0.0":
  version: 8.0.0
  resolution: "emoji-regex@npm:8.0.0"
  checksum: d4c5c39d5a9868b5fa152f00cada8a936868fd3367f33f71be515ecee4c803132d11b31a6222b2571b1e5f7e13890156a94880345594d0ce7e3c9895f560f192
  languageName: node
  linkType: hard

"env-paths@npm:3.0.0":
  version: 3.0.0
  resolution: "env-paths@npm:3.0.0"
  checksum: b2b0a0d0d9931a13d279c22ed94d78648a1cc5f408f05d47ff3e0c1616f0aa0c38fb33deec5e5be50497225d500607d57f9c8652c4d39c2f2b7608cd45768128
  languageName: node
  linkType: hard

"escape-string-regexp@npm:^1.0.5":
  version: 1.0.5
  resolution: "escape-string-regexp@npm:1.0.5"
  checksum: 6092fda75c63b110c706b6a9bfde8a612ad595b628f0bd2147eea1d3406723020810e591effc7db1da91d80a71a737a313567c5abb3813e8d9c71f4aa595b410
  languageName: node
  linkType: hard

"figures@npm:^3.2.0":
  version: 3.2.0
  resolution: "figures@npm:3.2.0"
  dependencies:
    escape-string-regexp: ^1.0.5
  checksum: 85a6ad29e9aca80b49b817e7c89ecc4716ff14e3779d9835af554db91bac41c0f289c418923519392a1e582b4d10482ad282021330cd045bb7b80c84152f2a2b
  languageName: node
  linkType: hard

"git-brancheetos@workspace:.":
  version: 0.0.0-use.local
  resolution: "git-brancheetos@workspace:."
  dependencies:
    "@inquirer/input": 1.2.5
    "@inquirer/select": 1.2.5
    "@octokit/rest": 20.0.1
    commander: 11.0.0
    env-paths: 3.0.0
    git-remote-origin-url: 4.0.0
    lodash: 4.17.21
    prettier: 2.8.8
  bin:
    git-brancheetos: brancheetos.js
  languageName: unknown
  linkType: soft

"git-remote-origin-url@npm:4.0.0":
  version: 4.0.0
  resolution: "git-remote-origin-url@npm:4.0.0"
  dependencies:
    gitconfiglocal: ^2.1.0
  checksum: b667babf07c24e1e74d2cbb4f1cd996f8ccb0140e9958fa43eb65f2882117f902cf398e02744e5804ab2e8d72919133823b03ca18b3fae8b9c3932e6ec7526ba
  languageName: node
  linkType: hard

"gitconfiglocal@npm:^2.1.0":
  version: 2.1.0
  resolution: "gitconfiglocal@npm:2.1.0"
  dependencies:
    ini: ^1.3.2
  checksum: 4b4b44d992a6abf2900eec8cfe960dc36e0d3c2467d20ec69e0a0f13b6b7645b926daa004df42f94c34ad28a58529cf2522fa0bf261e4e7b95958fb451dcedda
  languageName: node
  linkType: hard

"has-flag@npm:^4.0.0":
  version: 4.0.0
  resolution: "has-flag@npm:4.0.0"
  checksum: 261a1357037ead75e338156b1f9452c016a37dcd3283a972a30d9e4a87441ba372c8b81f818cd0fbcd9c0354b4ae7e18b9e1afa1971164aef6d18c2b6095a8ad
  languageName: node
  linkType: hard

"ini@npm:^1.3.2":
  version: 1.3.8
  resolution: "ini@npm:1.3.8"
  checksum: dfd98b0ca3a4fc1e323e38a6c8eb8936e31a97a918d3b377649ea15bdb15d481207a0dda1021efbd86b464cae29a0d33c1d7dcaf6c5672bee17fa849bc50a1b3
  languageName: node
  linkType: hard

"is-fullwidth-code-point@npm:^3.0.0":
  version: 3.0.0
  resolution: "is-fullwidth-code-point@npm:3.0.0"
  checksum: 44a30c29457c7fb8f00297bce733f0a64cd22eca270f83e58c105e0d015e45c019491a4ab2faef91ab51d4738c670daff901c799f6a700e27f7314029e99e348
  languageName: node
  linkType: hard

"is-plain-object@npm:^5.0.0":
  version: 5.0.0
  resolution: "is-plain-object@npm:5.0.0"
  checksum: e32d27061eef62c0847d303125440a38660517e586f2f3db7c9d179ae5b6674ab0f469d519b2e25c147a1a3bc87156d0d5f4d8821e0ce4a9ee7fe1fcf11ce45c
  languageName: node
  linkType: hard

"lodash@npm:4.17.21":
  version: 4.17.21
  resolution: "lodash@npm:4.17.21"
  checksum: eb835a2e51d381e561e508ce932ea50a8e5a68f4ebdd771ea240d3048244a8d13658acbd502cd4829768c56f2e16bdd4340b9ea141297d472517b83868e677f7
  languageName: node
  linkType: hard

"mute-stream@npm:^1.0.0":
  version: 1.0.0
  resolution: "mute-stream@npm:1.0.0"
  checksum: 36fc968b0e9c9c63029d4f9dc63911950a3bdf55c9a87f58d3a266289b67180201cade911e7699f8b2fa596b34c9db43dad37649e3f7fdd13c3bb9edb0017ee7
  languageName: node
  linkType: hard

"once@npm:^1.4.0":
  version: 1.4.0
  resolution: "once@npm:1.4.0"
  dependencies:
    wrappy: 1
  checksum: cd0a88501333edd640d95f0d2700fbde6bff20b3d4d9bdc521bdd31af0656b5706570d6c6afe532045a20bb8dc0849f8332d6f2a416e0ba6d3d3b98806c7db68
  languageName: node
  linkType: hard

"prettier@npm:2.8.8":
  version: 2.8.8
  resolution: "prettier@npm:2.8.8"
  bin:
    prettier: bin-prettier.js
  checksum: b49e409431bf129dd89238d64299ba80717b57ff5a6d1c1a8b1a28b590d998a34e083fa13573bc732bb8d2305becb4c9a4407f8486c81fa7d55100eb08263cf8
  languageName: node
  linkType: hard

"run-async@npm:^3.0.0":
  version: 3.0.0
  resolution: "run-async@npm:3.0.0"
  checksum: 280c03d5a88603f48103fc6fd69f07fb0c392a1e0d319c34ec96a2516030e07ba06f79231a563c78698b882649c2fc1fda601bc84705f57d50efcd1fa506cfc0
  languageName: node
  linkType: hard

"string-width@npm:^4.1.0, string-width@npm:^4.2.3":
  version: 4.2.3
  resolution: "string-width@npm:4.2.3"
  dependencies:
    emoji-regex: ^8.0.0
    is-fullwidth-code-point: ^3.0.0
    strip-ansi: ^6.0.1
  checksum: e52c10dc3fbfcd6c3a15f159f54a90024241d0f149cf8aed2982a2d801d2e64df0bf1dc351cf8e95c3319323f9f220c16e740b06faecd53e2462df1d2b5443fb
  languageName: node
  linkType: hard

"strip-ansi@npm:^6.0.0, strip-ansi@npm:^6.0.1":
  version: 6.0.1
  resolution: "strip-ansi@npm:6.0.1"
  dependencies:
    ansi-regex: ^5.0.1
  checksum: f3cd25890aef3ba6e1a74e20896c21a46f482e93df4a06567cebf2b57edabb15133f1f94e57434e0a958d61186087b1008e89c94875d019910a213181a14fc8c
  languageName: node
  linkType: hard

"supports-color@npm:^7.1.0":
  version: 7.2.0
  resolution: "supports-color@npm:7.2.0"
  dependencies:
    has-flag: ^4.0.0
  checksum: 3dda818de06ebbe5b9653e07842d9479f3555ebc77e9a0280caf5a14fb877ffee9ed57007c3b78f5a6324b8dbeec648d9e97a24e2ed9fdb81ddc69ea07100f4a
  languageName: node
  linkType: hard

"type-fest@npm:^0.21.3":
  version: 0.21.3
  resolution: "type-fest@npm:0.21.3"
  checksum: e6b32a3b3877f04339bae01c193b273c62ba7bfc9e325b8703c4ee1b32dc8fe4ef5dfa54bf78265e069f7667d058e360ae0f37be5af9f153b22382cd55a9afe0
  languageName: node
  linkType: hard

"universal-user-agent@npm:^6.0.0":
  version: 6.0.0
  resolution: "universal-user-agent@npm:6.0.0"
  checksum: 5092bbc80dd0d583cef0b62c17df0043193b74f425112ea6c1f69bc5eda21eeec7a08d8c4f793a277eb2202ffe9b44bec852fa3faff971234cd209874d1b79ef
  languageName: node
  linkType: hard

"wrap-ansi@npm:^6.0.1":
  version: 6.2.0
  resolution: "wrap-ansi@npm:6.2.0"
  dependencies:
    ansi-styles: ^4.0.0
    string-width: ^4.1.0
    strip-ansi: ^6.0.0
  checksum: 6cd96a410161ff617b63581a08376f0cb9162375adeb7956e10c8cd397821f7eb2a6de24eb22a0b28401300bf228c86e50617cd568209b5f6775b93c97d2fe3a
  languageName: node
  linkType: hard

"wrappy@npm:1":
  version: 1.0.2
  resolution: "wrappy@npm:1.0.2"
  checksum: 159da4805f7e84a3d003d8841557196034155008f817172d4e986bd591f74aa82aa7db55929a54222309e01079a65a92a9e6414da5a6aa4b01ee44a511ac3ee5
  languageName: node
  linkType: hard
